
Microsoft Visual Studio Solution File, Format Version 12.00
# Visual Studio Version 17
VisualStudioVersion = 17.3.32811.315
MinimumVisualStudioVersion = 10.0.40219.1
Project("{9A19103F-16F7-4668-BE54-9A1E7A4F7556}") = "ConsoleUI", "ConsoleUI\ConsoleUI.csproj", "{C126355A-37A7-43D7-8BF4-EB8477466027}"
EndProject
Project("{FAE04EC0-301F-11D3-BF4B-00C04F79EFBC}") = "Library", "Library\Library.csproj", "{7733262A-41F7-47E9-BA2F-2D2A091C7F2F}"
EndProject
Global
	GlobalSection(SolutionConfigurationPlatforms) = preSolution
		Debug|Any CPU = Debug|Any CPU
		Release|Any CPU = Release|Any CPU
	EndGlobalSection
	GlobalSection(ProjectConfigurationPlatforms) = postSolution
		{C126355A-37A7-43D7-8BF4-EB8477466027}.Debug|Any CPU.ActiveCfg = Debug|Any CPU
		{C126355A-37A7-43D7-8BF4-EB8477466027}.Debug|Any CPU.Build.0 = Debug|Any CPU
		{C126355A-37A7-43D7-8BF4-EB8477466027}.Release|Any CPU.ActiveCfg = Release|Any CPU
		{C126355A-37A7-43D7-8BF4-EB8477466027}.Release|Any CPU.Build.0 = Release|Any CPU
		{7733262A-41F7-47E9-BA2F-2D2A091C7F2F}.Debug|Any CPU.ActiveCfg = Debug|Any CPU
		{7733262A-41F7-47E9-BA2F-2D2A091C7F2F}.Debug|Any CPU.Build.0 = Debug|Any CPU
		{7733262A-41F7-47E9-BA2F-2D2A091C7F2F}.Release|Any CPU.ActiveCfg = Release|Any CPU
		{7733262A-41F7-47E9-BA2F-2D2A091C7F2F}.Release|Any CPU.Build.0 = Release|Any CPU
	EndGlobalSection
	GlobalSection(SolutionProperties) = preSolution
		HideSolutionNode = FALSE
	EndGlobalSection
	GlobalSection(ExtensibilityGlobals) = postSolution
		SolutionGuid = {9D84FA5B-56DC-4F7E-BBCB-94B2A944C697}
	EndGlobalSection
EndGlobal
